
Microsoft Visual Studio Solution File, Format Version 12.00
# Visual Studio 2012
Project("{FAE04EC0-301F-11D3-BF4B-00C04F79EFBC}") = "TenantSystem", "TenantSystem\TenantSystem.csproj", "{A32D9724-28DB-4E20-846D-32BCF34335C8}"
EndProject
Project("{FAE04EC0-301F-11D3-BF4B-00C04F79EFBC}") = "WebApplication1", "WebApplication1\WebApplication1.csproj", "{3969AC25-CE56-481A-A5A1-61F00BD30F99}"
EndProject
Global
	GlobalSection(SolutionConfigurationPlatforms) = preSolution
		Debug|Any CPU = Debug|Any CPU
		Release|Any CPU = Release|Any CPU
	EndGlobalSection
	GlobalSection(ProjectConfigurationPlatforms) = postSolution
		{A32D9724-28DB-4E20-846D-32BCF34335C8}.Debug|Any CPU.ActiveCfg = Debug|Any CPU
		{A32D9724-28DB-4E20-846D-32BCF34335C8}.Debug|Any CPU.Build.0 = Debug|Any CPU
		{A32D9724-28DB-4E20-846D-32BCF34335C8}.Release|Any CPU.ActiveCfg = Release|Any CPU
		{A32D9724-28DB-4E20-846D-32BCF34335C8}.Release|Any CPU.Build.0 = Release|Any CPU
		{3969AC25-CE56-481A-A5A1-61F00BD30F99}.Debug|Any CPU.ActiveCfg = Debug|Any CPU
		{3969AC25-CE56-481A-A5A1-61F00BD30F99}.Debug|Any CPU.Build.0 = Debug|Any CPU
		{3969AC25-CE56-481A-A5A1-61F00BD30F99}.Release|Any CPU.ActiveCfg = Release|Any CPU
		{3969AC25-CE56-481A-A5A1-61F00BD30F99}.Release|Any CPU.Build.0 = Release|Any CPU
	EndGlobalSection
	GlobalSection(SolutionProperties) = preSolution
		HideSolutionNode = FALSE
	EndGlobalSection
EndGlobal
